
Microsoft Visual Studio Solution File, Format Version 12.00
# Visual Studio Version 17
VisualStudioVersion = 17.2.32526.322
MinimumVisualStudioVersion = 10.0.40219.1
Project("{9A19103F-16F7-4668-BE54-9A1E7A4F7556}") = "HospitalSimulatorConsole", "HospitalSimulator\HospitalSimulatorConsole.csproj", "{9F095FE4-98C2-48A6-93EF-726FB6B4BE56}"
EndProject
Project("{9A19103F-16F7-4668-BE54-9A1E7A4F7556}") = "HospitalSimulatorConsoleTest", "HospitalSimulatorConsoleTest\HospitalSimulatorConsoleTest.csproj", "{EAD7C432-B58E-443B-BAA5-E7C76467EDDA}"
EndProject
Global
	GlobalSection(SolutionConfigurationPlatforms) = preSolution
		Debug|Any CPU = Debug|Any CPU
		Release|Any CPU = Release|Any CPU
	EndGlobalSection
	GlobalSection(ProjectConfigurationPlatforms) = postSolution
		{9F095FE4-98C2-48A6-93EF-726FB6B4BE56}.Debug|Any CPU.ActiveCfg = Debug|Any CPU
		{9F095FE4-98C2-48A6-93EF-726FB6B4BE56}.Debug|Any CPU.Build.0 = Debug|Any CPU
		{9F095FE4-98C2-48A6-93EF-726FB6B4BE56}.Release|Any CPU.ActiveCfg = Release|Any CPU
		{9F095FE4-98C2-48A6-93EF-726FB6B4BE56}.Release|Any CPU.Build.0 = Release|Any CPU
		{EAD7C432-B58E-443B-BAA5-E7C76467EDDA}.Debug|Any CPU.ActiveCfg = Debug|Any CPU
		{EAD7C432-B58E-443B-BAA5-E7C76467EDDA}.Debug|Any CPU.Build.0 = Debug|Any CPU
		{EAD7C432-B58E-443B-BAA5-E7C76467EDDA}.Release|Any CPU.ActiveCfg = Release|Any CPU
		{EAD7C432-B58E-443B-BAA5-E7C76467EDDA}.Release|Any CPU.Build.0 = Release|Any CPU
	EndGlobalSection
	GlobalSection(SolutionProperties) = preSolution
		HideSolutionNode = FALSE
	EndGlobalSection
	GlobalSection(ExtensibilityGlobals) = postSolution
		SolutionGuid = {23C3E01D-9FF6-44AC-9EAE-EDEE56289460}
	EndGlobalSection
EndGlobal
